
Microsoft Visual Studio Solution File, Format Version 12.00
# Visual Studio 2012
Project("{FAE04EC0-301F-11D3-BF4B-00C04F79EFBC}") = "HttpRepro", "HttpRepro\HttpRepro.csproj", "{1D3D2C2C-EA65-4F64-874A-6E0F90E5D054}"
EndProject
Project("{FAE04EC0-301F-11D3-BF4B-00C04F79EFBC}") = "HttpRepro.PCL", "HttpRepro.PCL\HttpRepro.PCL.csproj", "{4F506170-C670-4535-A773-FF753FA76AD2}"
EndProject
Project("{FAE04EC0-301F-11D3-BF4B-00C04F79EFBC}") = "HttpRepro.PCL49", "HttpRepro.PCL49\HttpRepro.PCL49.csproj", "{8C103826-E56E-4EA7-87C9-545A38F55C95}"
EndProject
Global
	GlobalSection(SolutionConfigurationPlatforms) = preSolution
		Debug|iPhoneSimulator = Debug|iPhoneSimulator
		Release|iPhoneSimulator = Release|iPhoneSimulator
		Debug|iPhone = Debug|iPhone
		Release|iPhone = Release|iPhone
		Ad-Hoc|iPhone = Ad-Hoc|iPhone
		AppStore|iPhone = AppStore|iPhone
	EndGlobalSection
	GlobalSection(ProjectConfigurationPlatforms) = postSolution
		{1D3D2C2C-EA65-4F64-874A-6E0F90E5D054}.Ad-Hoc|iPhone.ActiveCfg = Ad-Hoc|iPhone
		{1D3D2C2C-EA65-4F64-874A-6E0F90E5D054}.Ad-Hoc|iPhone.Build.0 = Ad-Hoc|iPhone
		{1D3D2C2C-EA65-4F64-874A-6E0F90E5D054}.AppStore|iPhone.ActiveCfg = AppStore|iPhone
		{1D3D2C2C-EA65-4F64-874A-6E0F90E5D054}.AppStore|iPhone.Build.0 = AppStore|iPhone
		{1D3D2C2C-EA65-4F64-874A-6E0F90E5D054}.Debug|iPhone.ActiveCfg = Debug|iPhone
		{1D3D2C2C-EA65-4F64-874A-6E0F90E5D054}.Debug|iPhone.Build.0 = Debug|iPhone
		{1D3D2C2C-EA65-4F64-874A-6E0F90E5D054}.Debug|iPhoneSimulator.ActiveCfg = Debug|iPhoneSimulator
		{1D3D2C2C-EA65-4F64-874A-6E0F90E5D054}.Debug|iPhoneSimulator.Build.0 = Debug|iPhoneSimulator
		{1D3D2C2C-EA65-4F64-874A-6E0F90E5D054}.Release|iPhone.ActiveCfg = Release|iPhone
		{1D3D2C2C-EA65-4F64-874A-6E0F90E5D054}.Release|iPhone.Build.0 = Release|iPhone
		{1D3D2C2C-EA65-4F64-874A-6E0F90E5D054}.Release|iPhoneSimulator.ActiveCfg = Release|iPhoneSimulator
		{1D3D2C2C-EA65-4F64-874A-6E0F90E5D054}.Release|iPhoneSimulator.Build.0 = Release|iPhoneSimulator
		{4F506170-C670-4535-A773-FF753FA76AD2}.Ad-Hoc|iPhone.ActiveCfg = Release|Any CPU
		{4F506170-C670-4535-A773-FF753FA76AD2}.Ad-Hoc|iPhone.Build.0 = Release|Any CPU
		{4F506170-C670-4535-A773-FF753FA76AD2}.AppStore|iPhone.ActiveCfg = Release|Any CPU
		{4F506170-C670-4535-A773-FF753FA76AD2}.AppStore|iPhone.Build.0 = Release|Any CPU
		{4F506170-C670-4535-A773-FF753FA76AD2}.Debug|iPhone.ActiveCfg = Debug|Any CPU
		{4F506170-C670-4535-A773-FF753FA76AD2}.Debug|iPhone.Build.0 = Debug|Any CPU
		{4F506170-C670-4535-A773-FF753FA76AD2}.Debug|iPhoneSimulator.ActiveCfg = Debug|Any CPU
		{4F506170-C670-4535-A773-FF753FA76AD2}.Debug|iPhoneSimulator.Build.0 = Debug|Any CPU
		{4F506170-C670-4535-A773-FF753FA76AD2}.Release|iPhone.ActiveCfg = Release|Any CPU
		{4F506170-C670-4535-A773-FF753FA76AD2}.Release|iPhone.Build.0 = Release|Any CPU
		{4F506170-C670-4535-A773-FF753FA76AD2}.Release|iPhoneSimulator.ActiveCfg = Release|Any CPU
		{4F506170-C670-4535-A773-FF753FA76AD2}.Release|iPhoneSimulator.Build.0 = Release|Any CPU
		{8C103826-E56E-4EA7-87C9-545A38F55C95}.Ad-Hoc|iPhone.ActiveCfg = Release|Any CPU
		{8C103826-E56E-4EA7-87C9-545A38F55C95}.Ad-Hoc|iPhone.Build.0 = Release|Any CPU
		{8C103826-E56E-4EA7-87C9-545A38F55C95}.AppStore|iPhone.ActiveCfg = Release|Any CPU
		{8C103826-E56E-4EA7-87C9-545A38F55C95}.AppStore|iPhone.Build.0 = Release|Any CPU
		{8C103826-E56E-4EA7-87C9-545A38F55C95}.Debug|iPhone.ActiveCfg = Debug|Any CPU
		{8C103826-E56E-4EA7-87C9-545A38F55C95}.Debug|iPhone.Build.0 = Debug|Any CPU
		{8C103826-E56E-4EA7-87C9-545A38F55C95}.Debug|iPhoneSimulator.ActiveCfg = Debug|Any CPU
		{8C103826-E56E-4EA7-87C9-545A38F55C95}.Debug|iPhoneSimulator.Build.0 = Debug|Any CPU
		{8C103826-E56E-4EA7-87C9-545A38F55C95}.Release|iPhone.ActiveCfg = Release|Any CPU
		{8C103826-E56E-4EA7-87C9-545A38F55C95}.Release|iPhone.Build.0 = Release|Any CPU
		{8C103826-E56E-4EA7-87C9-545A38F55C95}.Release|iPhoneSimulator.ActiveCfg = Release|Any CPU
		{8C103826-E56E-4EA7-87C9-545A38F55C95}.Release|iPhoneSimulator.Build.0 = Release|Any CPU
	EndGlobalSection
	GlobalSection(MonoDevelopProperties) = preSolution
		StartupItem = HttpRepro\HttpRepro.csproj
	EndGlobalSection
EndGlobal
